// !$*UTF8*$!
{
	archiveVersion = 1;
	classes = {
	};
	objectVersion = 46;
	objects = {

/* Begin PBXBuildFile section */
		0567A2A49E474653ABCB149F /* Pods_QAPM_Example.framework in Frameworks */ = {isa = PBXBuildFile; fileRef = 042E305A301D229AA5090696 /* Pods_QAPM_Example.framework */; };
		6003F58E195388D20070C39A /* Foundation.framework in Frameworks */ = {isa = PBXBuildFile; fileRef = 6003F58D195388D20070C39A /* Foundation.framework */; };
		6003F590195388D20070C39A /* CoreGraphics.framework in Frameworks */ = {isa = PBXBuildFile; fileRef = 6003F58F195388D20070C39A /* CoreGraphics.framework */; };
		6003F592195388D20070C39A /* UIKit.framework in Frameworks */ = {isa = PBXBuildFile; fileRef = 6003F591195388D20070C39A /* UIKit.framework */; };
		6003F598195388D20070C39A /* InfoPlist.strings in Resources */ = {isa = PBXBuildFile; fileRef = 6003F596195388D20070C39A /* InfoPlist.strings */; };
		6003F59A195388D20070C39A /* main.m in Sources */ = {isa = PBXBuildFile; fileRef = 6003F599195388D20070C39A /* main.m */; };
		6003F59E195388D20070C39A /* QAPMAppDelegate.m in Sources */ = {isa = PBXBuildFile; fileRef = 6003F59D195388D20070C39A /* QAPMAppDelegate.m */; };
		6003F5A7195388D20070C39A /* QAPMViewController.m in Sources */ = {isa = PBXBuildFile; fileRef = 6003F5A6195388D20070C39A /* QAPMViewController.m */; };
		6003F5A9195388D20070C39A /* Images.xcassets in Resources */ = {isa = PBXBuildFile; fileRef = 6003F5A8195388D20070C39A /* Images.xcassets */; };
		6003F5B0195388D20070C39A /* XCTest.framework in Frameworks */ = {isa = PBXBuildFile; fileRef = 6003F5AF195388D20070C39A /* XCTest.framework */; };
		6003F5B1195388D20070C39A /* Foundation.framework in Frameworks */ = {isa = PBXBuildFile; fileRef = 6003F58D195388D20070C39A /* Foundation.framework */; };
		6003F5B2195388D20070C39A /* UIKit.framework in Frameworks */ = {isa = PBXBuildFile; fileRef = 6003F591195388D20070C39A /* UIKit.framework */; };
		6003F5BA195388D20070C39A /* InfoPlist.strings in Resources */ = {isa = PBXBuildFile; fileRef = 6003F5B8195388D20070C39A /* InfoPlist.strings */; };
		6003F5BC195388D20070C39A /* Tests.m in Sources */ = {isa = PBXBuildFile; fileRef = 6003F5BB195388D20070C39A /* Tests.m */; };
		6223AD33466990CE107D868E /* Pods_QAPM_Tests.framework in Frameworks */ = {isa = PBXBuildFile; fileRef = 003FA856199C631813605776 /* Pods_QAPM_Tests.framework */; };
		71719F9F1E33DC2100824A3D /* LaunchScreen.storyboard in Resources */ = {isa = PBXBuildFile; fileRef = 71719F9D1E33DC2100824A3D /* LaunchScreen.storyboard */; };
		868F21A52CBA65610000852B /* test.html in Resources */ = {isa = PBXBuildFile; fileRef = 868F21A42CBA65610000852B /* test.html */; };
		869D00A42DF97AF200F7F5C4 /* RemoteServiceClientQAPMInterceptorFactory.swift in Sources */ = {isa = PBXBuildFile; fileRef = 869D00A22DF97AF200F7F5C4 /* RemoteServiceClientQAPMInterceptorFactory.swift */; };
		869D00A52DF97AF200F7F5C4 /* orderSystem.proto in Sources */ = {isa = PBXBuildFile; fileRef = 869D008B2DF97AF200F7F5C4 /* orderSystem.proto */; };
		869D00A62DF97AF200F7F5C4 /* QAPMInterceptorFactory.swift in Sources */ = {isa = PBXBuildFile; fileRef = 869D009F2DF97AF200F7F5C4 /* QAPMInterceptorFactory.swift */; };
		869D00A72DF97AF200F7F5C4 /* hello.proto in Sources */ = {isa = PBXBuildFile; fileRef = 869D008D2DF97AF200F7F5C4 /* hello.proto */; };
		869D00A82DF97AF200F7F5C4 /* QAPMMonitorClientInterceptor.swift in Sources */ = {isa = PBXBuildFile; fileRef = 869D00A02DF97AF200F7F5C4 /* QAPMMonitorClientInterceptor.swift */; };
		869D00A92DF97AF200F7F5C4 /* hello.grpc.swift in Sources */ = {isa = PBXBuildFile; fileRef = 869D00932DF97AF200F7F5C4 /* hello.grpc.swift */; };
		869D00AA2DF97AF200F7F5C4 /* OrderServiceClientQAPMInterceptorFactory.swift in Sources */ = {isa = PBXBuildFile; fileRef = 869D009E2DF97AF200F7F5C4 /* OrderServiceClientQAPMInterceptorFactory.swift */; };
		869D00AB2DF97AF200F7F5C4 /* hello.pb.swift in Sources */ = {isa = PBXBuildFile; fileRef = 869D00942DF97AF200F7F5C4 /* hello.pb.swift */; };
		869D00AC2DF97AF200F7F5C4 /* orderSystem.pb.swift in Sources */ = {isa = PBXBuildFile; fileRef = 869D00902DF97AF200F7F5C4 /* orderSystem.pb.swift */; };
		869D00AD2DF97AF200F7F5C4 /* Client.swift in Sources */ = {isa = PBXBuildFile; fileRef = 869D00982DF97AF200F7F5C4 /* Client.swift */; };
		869D00AE2DF97AF200F7F5C4 /* OrderServer.swift in Sources */ = {isa = PBXBuildFile; fileRef = 869D00992DF97AF200F7F5C4 /* OrderServer.swift */; };
		869D00AF2DF97AF200F7F5C4 /* Server.swift in Sources */ = {isa = PBXBuildFile; fileRef = 869D009B2DF97AF200F7F5C4 /* Server.swift */; };
		869D00B02DF97AF200F7F5C4 /* orderSystem.grpc.swift in Sources */ = {isa = PBXBuildFile; fileRef = 869D008F2DF97AF200F7F5C4 /* orderSystem.grpc.swift */; };
		869D00B12DF97AF200F7F5C4 /* OrderServiceClient.swift in Sources */ = {isa = PBXBuildFile; fileRef = 869D009A2DF97AF200F7F5C4 /* OrderServiceClient.swift */; };
		869D00B22DF97AF200F7F5C4 /* .generated in Resources */ = {isa = PBXBuildFile; fileRef = 869D00922DF97AF200F7F5C4 /* .generated */; };
		869D00B32DF97AF200F7F5C4 /* generateProto.sh in Resources */ = {isa = PBXBuildFile; fileRef = 869D009D2DF97AF200F7F5C4 /* generateProto.sh */; };
		869D00B42DF97AF200F7F5C4 /* README.md in Resources */ = {isa = PBXBuildFile; fileRef = 869D00A12DF97AF200F7F5C4 /* README.md */; };
		869D00BA2DF97D7300F7F5C4 /* GRPCViewController.swift in Sources */ = {isa = PBXBuildFile; fileRef = 869D00B92DF97D7300F7F5C4 /* GRPCViewController.swift */; };
		873B8AEB1B1F5CCA007FD442 /* Main.storyboard in Resources */ = {isa = PBXBuildFile; fileRef = 873B8AEA1B1F5CCA007FD442 /* Main.storyboard */; };
		944D8B15278C5C0C00210EF4 /* APMYellowNextViewController.m in Sources */ = {isa = PBXBuildFile; fileRef = 944D8AF4278C5C0C00210EF4 /* APMYellowNextViewController.m */; };
		944D8B16278C5C0C00210EF4 /* QAPMWKWebViewViewController.m in Sources */ = {isa = PBXBuildFile; fileRef = 944D8AF6278C5C0C00210EF4 /* QAPMWKWebViewViewController.m */; };
		944D8B17278C5C0C00210EF4 /* QAPMTimeStatictisViewController.m in Sources */ = {isa = PBXBuildFile; fileRef = 944D8AF7278C5C0C00210EF4 /* QAPMTimeStatictisViewController.m */; };
		944D8B18278C5C0C00210EF4 /* APMBlueViewController.m in Sources */ = {isa = PBXBuildFile; fileRef = 944D8AFA278C5C0C00210EF4 /* APMBlueViewController.m */; };
		944D8B19278C5C0C00210EF4 /* APMYellowViewController.m in Sources */ = {isa = PBXBuildFile; fileRef = 944D8AFB278C5C0C00210EF4 /* APMYellowViewController.m */; };
		944D8B1A278C5C0C00210EF4 /* APMMainListViewController.m in Sources */ = {isa = PBXBuildFile; fileRef = 944D8AFC278C5C0C00210EF4 /* APMMainListViewController.m */; };
		944D8B1B278C5C0C00210EF4 /* QAPMHTTPViewController.m in Sources */ = {isa = PBXBuildFile; fileRef = 944D8AFE278C5C0C00210EF4 /* QAPMHTTPViewController.m */; };
		944D8B1C278C5C0C00210EF4 /* QAPMSigkillViewController.m in Sources */ = {isa = PBXBuildFile; fileRef = 944D8AFF278C5C0C00210EF4 /* QAPMSigkillViewController.m */; };
		944D8B1D278C5C0C00210EF4 /* QAPMBigChunkMemoryViewController.m in Sources */ = {isa = PBXBuildFile; fileRef = 944D8B00278C5C0C00210EF4 /* QAPMBigChunkMemoryViewController.m */; };
		944D8B1E278C5C0C00210EF4 /* APMQQLeakViewController.m in Sources */ = {isa = PBXBuildFile; fileRef = 944D8B01278C5C0C00210EF4 /* APMQQLeakViewController.m */; settings = {COMPILER_FLAGS = "-fno-objc-arc"; }; };
		944D8B1F278C5C0C00210EF4 /* QAPMResourceMonitorViewController.m in Sources */ = {isa = PBXBuildFile; fileRef = 944D8B02278C5C0C00210EF4 /* QAPMResourceMonitorViewController.m */; };
		944D8B20278C5C0C00210EF4 /* QAPMCrashViewController.m in Sources */ = {isa = PBXBuildFile; fileRef = 944D8B05278C5C0C00210EF4 /* QAPMCrashViewController.m */; };
		944D8B21278C5C0C00210EF4 /* Crasher.mm in Sources */ = {isa = PBXBuildFile; fileRef = 944D8B09278C5C0C00210EF4 /* Crasher.mm */; };
		944D8B22278C5C0C00210EF4 /* vConsole.js in Resources */ = {isa = PBXBuildFile; fileRef = 944D8B0B278C5C0C00210EF4 /* vConsole.js */; };
		944D8B23278C5C0C00210EF4 /* YYWeakProxy.m in Sources */ = {isa = PBXBuildFile; fileRef = 944D8B0E278C5C0C00210EF4 /* YYWeakProxy.m */; };
		944D8B24278C5C0C00210EF4 /* UIButton+Utils.m in Sources */ = {isa = PBXBuildFile; fileRef = 944D8B12278C5C0C00210EF4 /* UIButton+Utils.m */; };
		944D8B25278C5C0C00210EF4 /* NSObject+QAPMPerformSelector.m in Sources */ = {isa = PBXBuildFile; fileRef = 944D8B13278C5C0C00210EF4 /* NSObject+QAPMPerformSelector.m */; };
/* End PBXBuildFile section */

/* Begin PBXContainerItemProxy section */
		6003F5B3195388D20070C39A /* PBXContainerItemProxy */ = {
			isa = PBXContainerItemProxy;
			containerPortal = 6003F582195388D10070C39A /* Project object */;
			proxyType = 1;
			remoteGlobalIDString = 6003F589195388D20070C39A;
			remoteInfo = QAPM;
		};
/* End PBXContainerItemProxy section */

/* Begin PBXFileReference section */
		003FA856199C631813605776 /* Pods_QAPM_Tests.framework */ = {isa = PBXFileReference; explicitFileType = wrapper.framework; includeInIndex = 0; path = Pods_QAPM_Tests.framework; sourceTree = BUILT_PRODUCTS_DIR; };
		042E305A301D229AA5090696 /* Pods_QAPM_Example.framework */ = {isa = PBXFileReference; explicitFileType = wrapper.framework; includeInIndex = 0; path = Pods_QAPM_Example.framework; sourceTree = BUILT_PRODUCTS_DIR; };
		043BF9557319C4A7ED6DC1F7 /* Pods-QAPM_Tests.release.xcconfig */ = {isa = PBXFileReference; includeInIndex = 1; lastKnownFileType = text.xcconfig; name = "Pods-QAPM_Tests.release.xcconfig"; path = "Target Support Files/Pods-QAPM_Tests/Pods-QAPM_Tests.release.xcconfig"; sourceTree = "<group>"; };
		28F5D67128B544813446AEFD /* README.md */ = {isa = PBXFileReference; includeInIndex = 1; lastKnownFileType = net.daringfireball.markdown; name = README.md; path = ../README.md; sourceTree = "<group>"; };
		37E0D75E780461BA7C5E5DA2 /* QAPM.podspec */ = {isa = PBXFileReference; includeInIndex = 1; lastKnownFileType = text; name = QAPM.podspec; path = ../QAPM.podspec; sourceTree = "<group>"; xcLanguageSpecificationIdentifier = xcode.lang.ruby; };
		6003F58A195388D20070C39A /* QAPM_Example.app */ = {isa = PBXFileReference; explicitFileType = wrapper.application; includeInIndex = 0; path = QAPM_Example.app; sourceTree = BUILT_PRODUCTS_DIR; };
		6003F58D195388D20070C39A /* Foundation.framework */ = {isa = PBXFileReference; lastKnownFileType = wrapper.framework; name = Foundation.framework; path = System/Library/Frameworks/Foundation.framework; sourceTree = SDKROOT; };
		6003F58F195388D20070C39A /* CoreGraphics.framework */ = {isa = PBXFileReference; lastKnownFileType = wrapper.framework; name = CoreGraphics.framework; path = System/Library/Frameworks/CoreGraphics.framework; sourceTree = SDKROOT; };
		6003F591195388D20070C39A /* UIKit.framework */ = {isa = PBXFileReference; lastKnownFileType = wrapper.framework; name = UIKit.framework; path = System/Library/Frameworks/UIKit.framework; sourceTree = SDKROOT; };
		6003F595195388D20070C39A /* QAPM-Info.plist */ = {isa = PBXFileReference; lastKnownFileType = text.plist.xml; path = "QAPM-Info.plist"; sourceTree = "<group>"; };
		6003F597195388D20070C39A /* en */ = {isa = PBXFileReference; lastKnownFileType = text.plist.strings; name = en; path = en.lproj/InfoPlist.strings; sourceTree = "<group>"; };
		6003F599195388D20070C39A /* main.m */ = {isa = PBXFileReference; lastKnownFileType = sourcecode.c.objc; path = main.m; sourceTree = "<group>"; };
		6003F59B195388D20070C39A /* QAPM-Prefix.pch */ = {isa = PBXFileReference; lastKnownFileType = sourcecode.c.h; path = "QAPM-Prefix.pch"; sourceTree = "<group>"; };
		6003F59C195388D20070C39A /* QAPMAppDelegate.h */ = {isa = PBXFileReference; lastKnownFileType = sourcecode.c.h; path = QAPMAppDelegate.h; sourceTree = "<group>"; };
		6003F59D195388D20070C39A /* QAPMAppDelegate.m */ = {isa = PBXFileReference; lastKnownFileType = sourcecode.c.objc; path = QAPMAppDelegate.m; sourceTree = "<group>"; };
		6003F5A5195388D20070C39A /* QAPMViewController.h */ = {isa = PBXFileReference; lastKnownFileType = sourcecode.c.h; path = QAPMViewController.h; sourceTree = "<group>"; };
		6003F5A6195388D20070C39A /* QAPMViewController.m */ = {isa = PBXFileReference; lastKnownFileType = sourcecode.c.objc; path = QAPMViewController.m; sourceTree = "<group>"; };
		6003F5A8195388D20070C39A /* Images.xcassets */ = {isa = PBXFileReference; lastKnownFileType = folder.assetcatalog; path = Images.xcassets; sourceTree = "<group>"; };
		6003F5AE195388D20070C39A /* QAPM_Tests.xctest */ = {isa = PBXFileReference; explicitFileType = wrapper.cfbundle; includeInIndex = 0; path = QAPM_Tests.xctest; sourceTree = BUILT_PRODUCTS_DIR; };
		6003F5AF195388D20070C39A /* XCTest.framework */ = {isa = PBXFileReference; lastKnownFileType = wrapper.framework; name = XCTest.framework; path = Library/Frameworks/XCTest.framework; sourceTree = DEVELOPER_DIR; };
		6003F5B7195388D20070C39A /* Tests-Info.plist */ = {isa = PBXFileReference; lastKnownFileType = text.plist.xml; path = "Tests-Info.plist"; sourceTree = "<group>"; };
		6003F5B9195388D20070C39A /* en */ = {isa = PBXFileReference; lastKnownFileType = text.plist.strings; name = en; path = en.lproj/InfoPlist.strings; sourceTree = "<group>"; };
		6003F5BB195388D20070C39A /* Tests.m */ = {isa = PBXFileReference; lastKnownFileType = sourcecode.c.objc; path = Tests.m; sourceTree = "<group>"; };
		606FC2411953D9B200FFA9A0 /* Tests-Prefix.pch */ = {isa = PBXFileReference; lastKnownFileType = sourcecode.c.h; path = "Tests-Prefix.pch"; sourceTree = "<group>"; };
		71719F9E1E33DC2100824A3D /* Base */ = {isa = PBXFileReference; lastKnownFileType = file.storyboard; name = Base; path = Base.lproj/LaunchScreen.storyboard; sourceTree = "<group>"; };
		868F21A42CBA65610000852B /* test.html */ = {isa = PBXFileReference; lastKnownFileType = text.html; path = test.html; sourceTree = "<group>"; };
		869D008B2DF97AF200F7F5C4 /* orderSystem.proto */ = {isa = PBXFileReference; lastKnownFileType = sourcecode.protobuf; path = orderSystem.proto; sourceTree = "<group>"; };
		869D008D2DF97AF200F7F5C4 /* hello.proto */ = {isa = PBXFileReference; lastKnownFileType = sourcecode.protobuf; path = hello.proto; sourceTree = "<group>"; };
		869D008F2DF97AF200F7F5C4 /* orderSystem.grpc.swift */ = {isa = PBXFileReference; lastKnownFileType = sourcecode.swift; path = orderSystem.grpc.swift; sourceTree = "<group>"; };
		869D00902DF97AF200F7F5C4 /* orderSystem.pb.swift */ = {isa = PBXFileReference; lastKnownFileType = sourcecode.swift; path = orderSystem.pb.swift; sourceTree = "<group>"; };
		869D00922DF97AF200F7F5C4 /* .generated */ = {isa = PBXFileReference; lastKnownFileType = text; path = .generated; sourceTree = "<group>"; };
		869D00932DF97AF200F7F5C4 /* hello.grpc.swift */ = {isa = PBXFileReference; lastKnownFileType = sourcecode.swift; path = hello.grpc.swift; sourceTree = "<group>"; };
		869D00942DF97AF200F7F5C4 /* hello.pb.swift */ = {isa = PBXFileReference; lastKnownFileType = sourcecode.swift; path = hello.pb.swift; sourceTree = "<group>"; };
		869D00982DF97AF200F7F5C4 /* Client.swift */ = {isa = PBXFileReference; lastKnownFileType = sourcecode.swift; path = Client.swift; sourceTree = "<group>"; };
		869D00992DF97AF200F7F5C4 /* OrderServer.swift */ = {isa = PBXFileReference; lastKnownFileType = sourcecode.swift; path = OrderServer.swift; sourceTree = "<group>"; };
		869D009A2DF97AF200F7F5C4 /* OrderServiceClient.swift */ = {isa = PBXFileReference; lastKnownFileType = sourcecode.swift; path = OrderServiceClient.swift; sourceTree = "<group>"; };
		869D009B2DF97AF200F7F5C4 /* Server.swift */ = {isa = PBXFileReference; lastKnownFileType = sourcecode.swift; path = Server.swift; sourceTree = "<group>"; };
		869D009D2DF97AF200F7F5C4 /* generateProto.sh */ = {isa = PBXFileReference; lastKnownFileType = text.script.sh; path = generateProto.sh; sourceTree = "<group>"; };
		869D009E2DF97AF200F7F5C4 /* OrderServiceClientQAPMInterceptorFactory.swift */ = {isa = PBXFileReference; lastKnownFileType = sourcecode.swift; path = OrderServiceClientQAPMInterceptorFactory.swift; sourceTree = "<group>"; };
		869D009F2DF97AF200F7F5C4 /* QAPMInterceptorFactory.swift */ = {isa = PBXFileReference; lastKnownFileType = sourcecode.swift; path = QAPMInterceptorFactory.swift; sourceTree = "<group>"; };
		869D00A02DF97AF200F7F5C4 /* QAPMMonitorClientInterceptor.swift */ = {isa = PBXFileReference; lastKnownFileType = sourcecode.swift; path = QAPMMonitorClientInterceptor.swift; sourceTree = "<group>"; };
		869D00A12DF97AF200F7F5C4 /* README.md */ = {isa = PBXFileReference; lastKnownFileType = net.daringfireball.markdown; path = README.md; sourceTree = "<group>"; };
		869D00A22DF97AF200F7F5C4 /* RemoteServiceClientQAPMInterceptorFactory.swift */ = {isa = PBXFileReference; lastKnownFileType = sourcecode.swift; path = RemoteServiceClientQAPMInterceptorFactory.swift; sourceTree = "<group>"; };
		869D00B82DF97C0200F7F5C4 /* QAPM-Bridging-Header.h */ = {isa = PBXFileReference; lastKnownFileType = sourcecode.c.h; path = "QAPM-Bridging-Header.h"; sourceTree = "<group>"; };
		869D00B92DF97D7300F7F5C4 /* GRPCViewController.swift */ = {isa = PBXFileReference; lastKnownFileType = sourcecode.swift; path = GRPCViewController.swift; sourceTree = "<group>"; };
		873B8AEA1B1F5CCA007FD442 /* Main.storyboard */ = {isa = PBXFileReference; fileEncoding = 4; lastKnownFileType = file.storyboard; name = Main.storyboard; path = Base.lproj/Main.storyboard; sourceTree = "<group>"; };
		944D8AEF278C5C0C00210EF4 /* APMMainListViewController.h */ = {isa = PBXFileReference; fileEncoding = 4; lastKnownFileType = sourcecode.c.h; path = APMMainListViewController.h; sourceTree = "<group>"; };
		944D8AF0278C5C0C00210EF4 /* APMYellowViewController.h */ = {isa = PBXFileReference; fileEncoding = 4; lastKnownFileType = sourcecode.c.h; path = APMYellowViewController.h; sourceTree = "<group>"; };
		944D8AF1278C5C0C00210EF4 /* QAPMSigkillViewController.h */ = {isa = PBXFileReference; fileEncoding = 4; lastKnownFileType = sourcecode.c.h; path = QAPMSigkillViewController.h; sourceTree = "<group>"; };
		944D8AF2278C5C0C00210EF4 /* QAPMBigChunkMemoryViewController.h */ = {isa = PBXFileReference; fileEncoding = 4; lastKnownFileType = sourcecode.c.h; path = QAPMBigChunkMemoryViewController.h; sourceTree = "<group>"; };
		944D8AF3278C5C0C00210EF4 /* QAPMHTTPViewController.h */ = {isa = PBXFileReference; fileEncoding = 4; lastKnownFileType = sourcecode.c.h; path = QAPMHTTPViewController.h; sourceTree = "<group>"; };
		944D8AF4278C5C0C00210EF4 /* APMYellowNextViewController.m */ = {isa = PBXFileReference; fileEncoding = 4; lastKnownFileType = sourcecode.c.objc; path = APMYellowNextViewController.m; sourceTree = "<group>"; };
		944D8AF5278C5C0C00210EF4 /* QAPMCrashViewController.h */ = {isa = PBXFileReference; fileEncoding = 4; lastKnownFileType = sourcecode.c.h; path = QAPMCrashViewController.h; sourceTree = "<group>"; };
		944D8AF6278C5C0C00210EF4 /* QAPMWKWebViewViewController.m */ = {isa = PBXFileReference; fileEncoding = 4; lastKnownFileType = sourcecode.c.objc; path = QAPMWKWebViewViewController.m; sourceTree = "<group>"; };
		944D8AF7278C5C0C00210EF4 /* QAPMTimeStatictisViewController.m */ = {isa = PBXFileReference; fileEncoding = 4; lastKnownFileType = sourcecode.c.objc; path = QAPMTimeStatictisViewController.m; sourceTree = "<group>"; };
		944D8AF8278C5C0C00210EF4 /* QAPMResourceMonitorViewController.h */ = {isa = PBXFileReference; fileEncoding = 4; lastKnownFileType = sourcecode.c.h; path = QAPMResourceMonitorViewController.h; sourceTree = "<group>"; };
		944D8AF9278C5C0C00210EF4 /* APMQQLeakViewController.h */ = {isa = PBXFileReference; fileEncoding = 4; lastKnownFileType = sourcecode.c.h; path = APMQQLeakViewController.h; sourceTree = "<group>"; };
		944D8AFA278C5C0C00210EF4 /* APMBlueViewController.m */ = {isa = PBXFileReference; fileEncoding = 4; lastKnownFileType = sourcecode.c.objc; path = APMBlueViewController.m; sourceTree = "<group>"; };
		944D8AFB278C5C0C00210EF4 /* APMYellowViewController.m */ = {isa = PBXFileReference; fileEncoding = 4; lastKnownFileType = sourcecode.c.objc; path = APMYellowViewController.m; sourceTree = "<group>"; };
		944D8AFC278C5C0C00210EF4 /* APMMainListViewController.m */ = {isa = PBXFileReference; fileEncoding = 4; lastKnownFileType = sourcecode.c.objc; path = APMMainListViewController.m; sourceTree = "<group>"; };
		944D8AFD278C5C0C00210EF4 /* APMYellowNextViewController.h */ = {isa = PBXFileReference; fileEncoding = 4; lastKnownFileType = sourcecode.c.h; path = APMYellowNextViewController.h; sourceTree = "<group>"; };
		944D8AFE278C5C0C00210EF4 /* QAPMHTTPViewController.m */ = {isa = PBXFileReference; fileEncoding = 4; lastKnownFileType = sourcecode.c.objc; path = QAPMHTTPViewController.m; sourceTree = "<group>"; };
		944D8AFF278C5C0C00210EF4 /* QAPMSigkillViewController.m */ = {isa = PBXFileReference; fileEncoding = 4; lastKnownFileType = sourcecode.c.objc; path = QAPMSigkillViewController.m; sourceTree = "<group>"; };
		944D8B00278C5C0C00210EF4 /* QAPMBigChunkMemoryViewController.m */ = {isa = PBXFileReference; fileEncoding = 4; lastKnownFileType = sourcecode.c.objc; path = QAPMBigChunkMemoryViewController.m; sourceTree = "<group>"; };
		944D8B01278C5C0C00210EF4 /* APMQQLeakViewController.m */ = {isa = PBXFileReference; fileEncoding = 4; lastKnownFileType = sourcecode.c.objc; path = APMQQLeakViewController.m; sourceTree = "<group>"; };
		944D8B02278C5C0C00210EF4 /* QAPMResourceMonitorViewController.m */ = {isa = PBXFileReference; fileEncoding = 4; lastKnownFileType = sourcecode.c.objc; path = QAPMResourceMonitorViewController.m; sourceTree = "<group>"; };
		944D8B03278C5C0C00210EF4 /* QAPMTimeStatictisViewController.h */ = {isa = PBXFileReference; fileEncoding = 4; lastKnownFileType = sourcecode.c.h; path = QAPMTimeStatictisViewController.h; sourceTree = "<group>"; };
		944D8B04278C5C0C00210EF4 /* QAPMWKWebViewViewController.h */ = {isa = PBXFileReference; fileEncoding = 4; lastKnownFileType = sourcecode.c.h; path = QAPMWKWebViewViewController.h; sourceTree = "<group>"; };
		944D8B05278C5C0C00210EF4 /* QAPMCrashViewController.m */ = {isa = PBXFileReference; fileEncoding = 4; lastKnownFileType = sourcecode.c.objc; path = QAPMCrashViewController.m; sourceTree = "<group>"; };
		944D8B06278C5C0C00210EF4 /* APMBlueViewController.h */ = {isa = PBXFileReference; fileEncoding = 4; lastKnownFileType = sourcecode.c.h; path = APMBlueViewController.h; sourceTree = "<group>"; };
		944D8B08278C5C0C00210EF4 /* Crasher.h */ = {isa = PBXFileReference; fileEncoding = 4; lastKnownFileType = sourcecode.c.h; path = Crasher.h; sourceTree = "<group>"; };
		944D8B09278C5C0C00210EF4 /* Crasher.mm */ = {isa = PBXFileReference; fileEncoding = 4; lastKnownFileType = sourcecode.cpp.objcpp; path = Crasher.mm; sourceTree = "<group>"; };
		944D8B0B278C5C0C00210EF4 /* vConsole.js */ = {isa = PBXFileReference; fileEncoding = 4; lastKnownFileType = sourcecode.javascript; path = vConsole.js; sourceTree = "<group>"; };
		944D8B0E278C5C0C00210EF4 /* YYWeakProxy.m */ = {isa = PBXFileReference; fileEncoding = 4; lastKnownFileType = sourcecode.c.objc; path = YYWeakProxy.m; sourceTree = "<group>"; };
		944D8B0F278C5C0C00210EF4 /* YYWeakProxy.h */ = {isa = PBXFileReference; fileEncoding = 4; lastKnownFileType = sourcecode.c.h; path = YYWeakProxy.h; sourceTree = "<group>"; };
		944D8B11278C5C0C00210EF4 /* UIButton+Utils.h */ = {isa = PBXFileReference; fileEncoding = 4; lastKnownFileType = sourcecode.c.h; path = "UIButton+Utils.h"; sourceTree = "<group>"; };
		944D8B12278C5C0C00210EF4 /* UIButton+Utils.m */ = {isa = PBXFileReference; fileEncoding = 4; lastKnownFileType = sourcecode.c.objc; path = "UIButton+Utils.m"; sourceTree = "<group>"; };
		944D8B13278C5C0C00210EF4 /* NSObject+QAPMPerformSelector.m */ = {isa = PBXFileReference; fileEncoding = 4; lastKnownFileType = sourcecode.c.objc; path = "NSObject+QAPMPerformSelector.m"; sourceTree = "<group>"; };
		944D8B14278C5C0C00210EF4 /* NSObject+QAPMPerformSelector.h */ = {isa = PBXFileReference; fileEncoding = 4; lastKnownFileType = sourcecode.c.h; path = "NSObject+QAPMPerformSelector.h"; sourceTree = "<group>"; };
		ACB873D028E29CEDA462BAC3 /* Pods-QAPM_Tests.debug.xcconfig */ = {isa = PBXFileReference; includeInIndex = 1; lastKnownFileType = text.xcconfig; name = "Pods-QAPM_Tests.debug.xcconfig"; path = "Target Support Files/Pods-QAPM_Tests/Pods-QAPM_Tests.debug.xcconfig"; sourceTree = "<group>"; };
		E63CF8E6DD5A3CE0CAAAFFA5 /* Pods-QAPM_Example.debug.xcconfig */ = {isa = PBXFileReference; includeInIndex = 1; lastKnownFileType = text.xcconfig; name = "Pods-QAPM_Example.debug.xcconfig"; path = "Target Support Files/Pods-QAPM_Example/Pods-QAPM_Example.debug.xcconfig"; sourceTree = "<group>"; };
		F2BC3158EF7CA0AACD9180CD /* LICENSE */ = {isa = PBXFileReference; includeInIndex = 1; lastKnownFileType = text; name = LICENSE; path = ../LICENSE; sourceTree = "<group>"; };
		F6EA6656CFBCACD1D96FBC9F /* Pods-QAPM_Example.release.xcconfig */ = {isa = PBXFileReference; includeInIndex = 1; lastKnownFileType = text.xcconfig; name = "Pods-QAPM_Example.release.xcconfig"; path = "Target Support Files/Pods-QAPM_Example/Pods-QAPM_Example.release.xcconfig"; sourceTree = "<group>"; };
/* End PBXFileReference section */

/* Begin PBXFrameworksBuildPhase section */
		6003F587195388D20070C39A /* Frameworks */ = {
			isa = PBXFrameworksBuildPhase;
			buildActionMask = 2147483647;
			files = (
				6003F590195388D20070C39A /* CoreGraphics.framework in Frameworks */,
				6003F592195388D20070C39A /* UIKit.framework in Frameworks */,
				6003F58E195388D20070C39A /* Foundation.framework in Frameworks */,
				0567A2A49E474653ABCB149F /* Pods_QAPM_Example.framework in Frameworks */,
			);
			runOnlyForDeploymentPostprocessing = 0;
		};
		6003F5AB195388D20070C39A /* Frameworks */ = {
			isa = PBXFrameworksBuildPhase;
			buildActionMask = 2147483647;
			files = (
				6003F5B0195388D20070C39A /* XCTest.framework in Frameworks */,
				6003F5B2195388D20070C39A /* UIKit.framework in Frameworks */,
				6003F5B1195388D20070C39A /* Foundation.framework in Frameworks */,
				6223AD33466990CE107D868E /* Pods_QAPM_Tests.framework in Frameworks */,
			);
			runOnlyForDeploymentPostprocessing = 0;
		};
/* End PBXFrameworksBuildPhase section */

/* Begin PBXGroup section */
		6003F581195388D10070C39A = {
			isa = PBXGroup;
			children = (
				60FF7A9C1954A5C5007DD14C /* Podspec Metadata */,
				6003F593195388D20070C39A /* QAPM */,
				6003F5B5195388D20070C39A /* Tests */,
				6003F58C195388D20070C39A /* Frameworks */,
				6003F58B195388D20070C39A /* Products */,
				B5167DF715562987CA57043B /* Pods */,
			);
			sourceTree = "<group>";
		};
		6003F58B195388D20070C39A /* Products */ = {
			isa = PBXGroup;
			children = (
				6003F58A195388D20070C39A /* QAPM_Example.app */,
				6003F5AE195388D20070C39A /* QAPM_Tests.xctest */,
			);
			name = Products;
			sourceTree = "<group>";
		};
		6003F58C195388D20070C39A /* Frameworks */ = {
			isa = PBXGroup;
			children = (
				6003F58D195388D20070C39A /* Foundation.framework */,
				6003F58F195388D20070C39A /* CoreGraphics.framework */,
				6003F591195388D20070C39A /* UIKit.framework */,
				6003F5AF195388D20070C39A /* XCTest.framework */,
				042E305A301D229AA5090696 /* Pods_QAPM_Example.framework */,
				003FA856199C631813605776 /* Pods_QAPM_Tests.framework */,
			);
			name = Frameworks;
			sourceTree = "<group>";
		};
		6003F593195388D20070C39A /* QAPM */ = {
			isa = PBXGroup;
			children = (
				869D00A32DF97AF200F7F5C4 /* QAPMGRPC */,
				944D8AEE278C5C0C00210EF4 /* controllers */,
				944D8B0A278C5C0C00210EF4 /* resource */,
				944D8B0C278C5C0C00210EF4 /* Utils */,
				6003F59C195388D20070C39A /* QAPMAppDelegate.h */,
				6003F59D195388D20070C39A /* QAPMAppDelegate.m */,
				873B8AEA1B1F5CCA007FD442 /* Main.storyboard */,
				6003F5A5195388D20070C39A /* QAPMViewController.h */,
				6003F5A6195388D20070C39A /* QAPMViewController.m */,
				869D00B82DF97C0200F7F5C4 /* QAPM-Bridging-Header.h */,
				71719F9D1E33DC2100824A3D /* LaunchScreen.storyboard */,
				6003F5A8195388D20070C39A /* Images.xcassets */,
				6003F594195388D20070C39A /* Supporting Files */,
			);
			path = QAPM;
			sourceTree = "<group>";
		};
		6003F594195388D20070C39A /* Supporting Files */ = {
			isa = PBXGroup;
			children = (
				6003F595195388D20070C39A /* QAPM-Info.plist */,
				6003F596195388D20070C39A /* InfoPlist.strings */,
				6003F599195388D20070C39A /* main.m */,
				6003F59B195388D20070C39A /* QAPM-Prefix.pch */,
			);
			name = "Supporting Files";
			sourceTree = "<group>";
		};
		6003F5B5195388D20070C39A /* Tests */ = {
			isa = PBXGroup;
			children = (
				6003F5BB195388D20070C39A /* Tests.m */,
				6003F5B6195388D20070C39A /* Supporting Files */,
			);
			path = Tests;
			sourceTree = "<group>";
		};
		6003F5B6195388D20070C39A /* Supporting Files */ = {
			isa = PBXGroup;
			children = (
				6003F5B7195388D20070C39A /* Tests-Info.plist */,
				6003F5B8195388D20070C39A /* InfoPlist.strings */,
				606FC2411953D9B200FFA9A0 /* Tests-Prefix.pch */,
			);
			name = "Supporting Files";
			sourceTree = "<group>";
		};
		60FF7A9C1954A5C5007DD14C /* Podspec Metadata */ = {
			isa = PBXGroup;
			children = (
				37E0D75E780461BA7C5E5DA2 /* QAPM.podspec */,
				28F5D67128B544813446AEFD /* README.md */,
				F2BC3158EF7CA0AACD9180CD /* LICENSE */,
			);
			name = "Podspec Metadata";
			sourceTree = "<group>";
		};
		869D008C2DF97AF200F7F5C4 /* order */ = {
			isa = PBXGroup;
			children = (
				869D008B2DF97AF200F7F5C4 /* orderSystem.proto */,
			);
			path = order;
			sourceTree = "<group>";
		};
		869D008E2DF97AF200F7F5C4 /* Protos */ = {
			isa = PBXGroup;
			children = (
				869D008C2DF97AF200F7F5C4 /* order */,
				869D008D2DF97AF200F7F5C4 /* hello.proto */,
			);
			path = Protos;
			sourceTree = "<group>";
		};
		869D00912DF97AF200F7F5C4 /* order */ = {
			isa = PBXGroup;
			children = (
				869D008F2DF97AF200F7F5C4 /* orderSystem.grpc.swift */,
				869D00902DF97AF200F7F5C4 /* orderSystem.pb.swift */,
			);
			path = order;
			sourceTree = "<group>";
		};
		869D00952DF97AF200F7F5C4 /* Generated */ = {
			isa = PBXGroup;
			children = (
				869D00912DF97AF200F7F5C4 /* order */,
				869D00922DF97AF200F7F5C4 /* .generated */,
				869D00932DF97AF200F7F5C4 /* hello.grpc.swift */,
				869D00942DF97AF200F7F5C4 /* hello.pb.swift */,
			);
			path = Generated;
			sourceTree = "<group>";
		};
		869D009C2DF97AF200F7F5C4 /* Sources */ = {
			isa = PBXGroup;
			children = (
				869D00952DF97AF200F7F5C4 /* Generated */,
				869D00982DF97AF200F7F5C4 /* Client.swift */,
				869D00992DF97AF200F7F5C4 /* OrderServer.swift */,
				869D009A2DF97AF200F7F5C4 /* OrderServiceClient.swift */,
				869D009B2DF97AF200F7F5C4 /* Server.swift */,
			);
			path = Sources;
			sourceTree = "<group>";
		};
		869D00A32DF97AF200F7F5C4 /* QAPMGRPC */ = {
			isa = PBXGroup;
			children = (
				869D008E2DF97AF200F7F5C4 /* Protos */,
				869D009C2DF97AF200F7F5C4 /* Sources */,
				869D009D2DF97AF200F7F5C4 /* generateProto.sh */,
				869D009E2DF97AF200F7F5C4 /* OrderServiceClientQAPMInterceptorFactory.swift */,
				869D009F2DF97AF200F7F5C4 /* QAPMInterceptorFactory.swift */,
				869D00A02DF97AF200F7F5C4 /* QAPMMonitorClientInterceptor.swift */,
				869D00A12DF97AF200F7F5C4 /* README.md */,
				869D00A22DF97AF200F7F5C4 /* RemoteServiceClientQAPMInterceptorFactory.swift */,
			);
			path = QAPMGRPC;
			sourceTree = "<group>";
		};
		944D8AEE278C5C0C00210EF4 /* controllers */ = {
			isa = PBXGroup;
			children = (
				869D00B92DF97D7300F7F5C4 /* GRPCViewController.swift */,
				944D8AEF278C5C0C00210EF4 /* APMMainListViewController.h */,
				944D8AF0278C5C0C00210EF4 /* APMYellowViewController.h */,
				944D8AF1278C5C0C00210EF4 /* QAPMSigkillViewController.h */,
				944D8AF2278C5C0C00210EF4 /* QAPMBigChunkMemoryViewController.h */,
				944D8AF3278C5C0C00210EF4 /* QAPMHTTPViewController.h */,
				944D8AF4278C5C0C00210EF4 /* APMYellowNextViewController.m */,
				944D8AF5278C5C0C00210EF4 /* QAPMCrashViewController.h */,
				944D8AF6278C5C0C00210EF4 /* QAPMWKWebViewViewController.m */,
				944D8AF7278C5C0C00210EF4 /* QAPMTimeStatictisViewController.m */,
				944D8AF8278C5C0C00210EF4 /* QAPMResourceMonitorViewController.h */,
				944D8AF9278C5C0C00210EF4 /* APMQQLeakViewController.h */,
				944D8AFA278C5C0C00210EF4 /* APMBlueViewController.m */,
				944D8AFB278C5C0C00210EF4 /* APMYellowViewController.m */,
				944D8AFC278C5C0C00210EF4 /* APMMainListViewController.m */,
				944D8AFD278C5C0C00210EF4 /* APMYellowNextViewController.h */,
				944D8AFE278C5C0C00210EF4 /* QAPMHTTPViewController.m */,
				944D8AFF278C5C0C00210EF4 /* QAPMSigkillViewController.m */,
				944D8B00278C5C0C00210EF4 /* QAPMBigChunkMemoryViewController.m */,
				944D8B01278C5C0C00210EF4 /* APMQQLeakViewController.m */,
				944D8B02278C5C0C00210EF4 /* QAPMResourceMonitorViewController.m */,
				944D8B03278C5C0C00210EF4 /* QAPMTimeStatictisViewController.h */,
				944D8B04278C5C0C00210EF4 /* QAPMWKWebViewViewController.h */,
				944D8B05278C5C0C00210EF4 /* QAPMCrashViewController.m */,
				944D8B06278C5C0C00210EF4 /* APMBlueViewController.h */,
				944D8B07278C5C0C00210EF4 /* Crash-Tester */,
			);
			path = controllers;
			sourceTree = "<group>";
		};
		944D8B07278C5C0C00210EF4 /* Crash-Tester */ = {
			isa = PBXGroup;
			children = (
				944D8B08278C5C0C00210EF4 /* Crasher.h */,
				944D8B09278C5C0C00210EF4 /* Crasher.mm */,
			);
			path = "Crash-Tester";
			sourceTree = "<group>";
		};
		944D8B0A278C5C0C00210EF4 /* resource */ = {
			isa = PBXGroup;
			children = (
				868F21A42CBA65610000852B /* test.html */,
				944D8B0B278C5C0C00210EF4 /* vConsole.js */,
			);
			path = resource;
			sourceTree = "<group>";
		};
		944D8B0C278C5C0C00210EF4 /* Utils */ = {
			isa = PBXGroup;
			children = (
				944D8B0D278C5C0C00210EF4 /* YYWeakProxy */,
				944D8B10278C5C0C00210EF4 /* Category */,
				944D8B13278C5C0C00210EF4 /* NSObject+QAPMPerformSelector.m */,
				944D8B14278C5C0C00210EF4 /* NSObject+QAPMPerformSelector.h */,
			);
			path = Utils;
			sourceTree = "<group>";
		};
		944D8B0D278C5C0C00210EF4 /* YYWeakProxy */ = {
			isa = PBXGroup;
			children = (
				944D8B0E278C5C0C00210EF4 /* YYWeakProxy.m */,
				944D8B0F278C5C0C00210EF4 /* YYWeakProxy.h */,
			);
			path = YYWeakProxy;
			sourceTree = "<group>";
		};
		944D8B10278C5C0C00210EF4 /* Category */ = {
			isa = PBXGroup;
			children = (
				944D8B11278C5C0C00210EF4 /* UIButton+Utils.h */,
				944D8B12278C5C0C00210EF4 /* UIButton+Utils.m */,
			);
			path = Category;
			sourceTree = "<group>";
		};
		B5167DF715562987CA57043B /* Pods */ = {
			isa = PBXGroup;
			children = (
				E63CF8E6DD5A3CE0CAAAFFA5 /* Pods-QAPM_Example.debug.xcconfig */,
				F6EA6656CFBCACD1D96FBC9F /* Pods-QAPM_Example.release.xcconfig */,
				ACB873D028E29CEDA462BAC3 /* Pods-QAPM_Tests.debug.xcconfig */,
				043BF9557319C4A7ED6DC1F7 /* Pods-QAPM_Tests.release.xcconfig */,
			);
			path = Pods;
			sourceTree = "<group>";
		};
/* End PBXGroup section */

/* Begin PBXNativeTarget section */
		6003F589195388D20070C39A /* QAPM_Example */ = {
			isa = PBXNativeTarget;
			buildConfigurationList = 6003F5BF195388D20070C39A /* Build configuration list for PBXNativeTarget "QAPM_Example" */;
			buildPhases = (
				A901052176624B8A457DC32D /* [CP] Check Pods Manifest.lock */,
				944D8B27278C5D8800210EF4 /* ShellScript */,
				6003F586195388D20070C39A /* Sources */,
				6003F587195388D20070C39A /* Frameworks */,
				6003F588195388D20070C39A /* Resources */,
				C67B4B9A6FD80891FDA04459 /* [CP] Copy Pods Resources */,
				944D8B28278C5E0E00210EF4 /* ShellScript */,
			);
			buildRules = (
			);
			dependencies = (
			);
			name = QAPM_Example;
			productName = QAPM;
			productReference = 6003F58A195388D20070C39A /* QAPM_Example.app */;
			productType = "com.apple.product-type.application";
		};
		6003F5AD195388D20070C39A /* QAPM_Tests */ = {
			isa = PBXNativeTarget;
			buildConfigurationList = 6003F5C2195388D20070C39A /* Build configuration list for PBXNativeTarget "QAPM_Tests" */;
			buildPhases = (
				B273D5C418F595B1FFB35381 /* [CP] Check Pods Manifest.lock */,
				6003F5AA195388D20070C39A /* Sources */,
				6003F5AB195388D20070C39A /* Frameworks */,
				6003F5AC195388D20070C39A /* Resources */,
			);
			buildRules = (
			);
			dependencies = (
				6003F5B4195388D20070C39A /* PBXTargetDependency */,
			);
			name = QAPM_Tests;
			productName = QAPMTests;
			productReference = 6003F5AE195388D20070C39A /* QAPM_Tests.xctest */;
			productType = "com.apple.product-type.bundle.unit-test";
		};
/* End PBXNativeTarget section */

/* Begin PBXProject section */
		6003F582195388D10070C39A /* Project object */ = {
			isa = PBXProject;
			attributes = {
				CLASSPREFIX = QAPM;
				LastUpgradeCheck = 0720;
				ORGANIZATIONNAME = wxyawang;
				TargetAttributes = {
					6003F589195388D20070C39A = {
						DevelopmentTeam = FN2V63AD2J;
						ProvisioningStyle = Manual;
					};
					6003F5AD195388D20070C39A = {
						TestTargetID = 6003F589195388D20070C39A;
					};
				};
			};
			buildConfigurationList = 6003F585195388D10070C39A /* Build configuration list for PBXProject "QAPM" */;
			compatibilityVersion = "Xcode 3.2";
			developmentRegion = English;
			hasScannedForEncodings = 0;
			knownRegions = (
				English,
				en,
				Base,
			);
			mainGroup = 6003F581195388D10070C39A;
			productRefGroup = 6003F58B195388D20070C39A /* Products */;
			projectDirPath = "";
			projectRoot = "";
			targets = (
				6003F589195388D20070C39A /* QAPM_Example */,
				6003F5AD195388D20070C39A /* QAPM_Tests */,
			);
		};
/* End PBXProject section */

/* Begin PBXResourcesBuildPhase section */
		6003F588195388D20070C39A /* Resources */ = {
			isa = PBXResourcesBuildPhase;
			buildActionMask = 2147483647;
			files = (
				873B8AEB1B1F5CCA007FD442 /* Main.storyboard in Resources */,
				944D8B22278C5C0C00210EF4 /* vConsole.js in Resources */,
				868F21A52CBA65610000852B /* test.html in Resources */,
				71719F9F1E33DC2100824A3D /* LaunchScreen.storyboard in Resources */,
				6003F5A9195388D20070C39A /* Images.xcassets in Resources */,
				869D00B22DF97AF200F7F5C4 /* .generated in Resources */,
				869D00B32DF97AF200F7F5C4 /* generateProto.sh in Resources */,
				869D00B42DF97AF200F7F5C4 /* README.md in Resources */,
				6003F598195388D20070C39A /* InfoPlist.strings in Resources */,
			);
			runOnlyForDeploymentPostprocessing = 0;
		};
		6003F5AC195388D20070C39A /* Resources */ = {
			isa = PBXResourcesBuildPhase;
			buildActionMask = 2147483647;
			files = (
				6003F5BA195388D20070C39A /* InfoPlist.strings in Resources */,
			);
			runOnlyForDeploymentPostprocessing = 0;
		};
/* End PBXResourcesBuildPhase section */

/* Begin PBXShellScriptBuildPhase section */
		944D8B27278C5D8800210EF4 /* ShellScript */ = {
			isa = PBXShellScriptBuildPhase;
			buildActionMask = 2147483647;
			files = (
			);
			inputFileListPaths = (
			);
			inputPaths = (
			);
			outputFileListPaths = (
			);
			outputPaths = (
			);
			runOnlyForDeploymentPostprocessing = 0;
			shellPath = /bin/sh;
			shellScript = "\n";
		};
		944D8B28278C5E0E00210EF4 /* ShellScript */ = {
			isa = PBXShellScriptBuildPhase;
			buildActionMask = 2147483647;
			files = (
			);
			inputFileListPaths = (
			);
			inputPaths = (
			);
			outputFileListPaths = (
			);
			outputPaths = (
			);
			runOnlyForDeploymentPostprocessing = 0;
			shellPath = /bin/sh;
			shellScript = "\n";
		};
		A901052176624B8A457DC32D /* [CP] Check Pods Manifest.lock */ = {
			isa = PBXShellScriptBuildPhase;
			buildActionMask = 2147483647;
			files = (
			);
			inputFileListPaths = (
			);
			inputPaths = (
				"${PODS_PODFILE_DIR_PATH}/Podfile.lock",
				"${PODS_ROOT}/Manifest.lock",
			);
			name = "[CP] Check Pods Manifest.lock";
			outputFileListPaths = (
			);
			outputPaths = (
				"$(DERIVED_FILE_DIR)/Pods-QAPM_Example-checkManifestLockResult.txt",
			);
			runOnlyForDeploymentPostprocessing = 0;
			shellPath = /bin/sh;
			shellScript = "diff \"${PODS_PODFILE_DIR_PATH}/Podfile.lock\" \"${PODS_ROOT}/Manifest.lock\" > /dev/null\nif [ $? != 0 ] ; then\n    # print error to STDERR\n    echo \"error: The sandbox is not in sync with the Podfile.lock. Run 'pod install' or update your CocoaPods installation.\" >&2\n    exit 1\nfi\n# This output is used by Xcode 'outputs' to avoid re-running this script phase.\necho \"SUCCESS\" > \"${SCRIPT_OUTPUT_FILE_0}\"\n";
			showEnvVarsInLog = 0;
		};
		B273D5C418F595B1FFB35381 /* [CP] Check Pods Manifest.lock */ = {
			isa = PBXShellScriptBuildPhase;
			buildActionMask = 2147483647;
			files = (
			);
			inputFileListPaths = (
			);
			inputPaths = (
				"${PODS_PODFILE_DIR_PATH}/Podfile.lock",
				"${PODS_ROOT}/Manifest.lock",
			);
			name = "[CP] Check Pods Manifest.lock";
			outputFileListPaths = (
			);
			outputPaths = (
				"$(DERIVED_FILE_DIR)/Pods-QAPM_Tests-checkManifestLockResult.txt",
			);
			runOnlyForDeploymentPostprocessing = 0;
			shellPath = /bin/sh;
			shellScript = "diff \"${PODS_PODFILE_DIR_PATH}/Podfile.lock\" \"${PODS_ROOT}/Manifest.lock\" > /dev/null\nif [ $? != 0 ] ; then\n    # print error to STDERR\n    echo \"error: The sandbox is not in sync with the Podfile.lock. Run 'pod install' or update your CocoaPods installation.\" >&2\n    exit 1\nfi\n# This output is used by Xcode 'outputs' to avoid re-running this script phase.\necho \"SUCCESS\" > \"${SCRIPT_OUTPUT_FILE_0}\"\n";
			showEnvVarsInLog = 0;
		};
		C67B4B9A6FD80891FDA04459 /* [CP] Copy Pods Resources */ = {
			isa = PBXShellScriptBuildPhase;
			buildActionMask = 2147483647;
			files = (
			);
			inputPaths = (
				"${PODS_ROOT}/Target Support Files/Pods-QAPM_Example/Pods-QAPM_Example-resources.sh",
				"${PODS_ROOT}/../../QAPM.framework/QAPMResourceFile.bundle",
			);
			name = "[CP] Copy Pods Resources";
			outputPaths = (
				"${TARGET_BUILD_DIR}/${UNLOCALIZED_RESOURCES_FOLDER_PATH}/QAPMResourceFile.bundle",
			);
			runOnlyForDeploymentPostprocessing = 0;
			shellPath = /bin/sh;
			shellScript = "\"${PODS_ROOT}/Target Support Files/Pods-QAPM_Example/Pods-QAPM_Example-resources.sh\"\n";
			showEnvVarsInLog = 0;
		};
/* End PBXShellScriptBuildPhase section */

/* Begin PBXSourcesBuildPhase section */
		6003F586195388D20070C39A /* Sources */ = {
			isa = PBXSourcesBuildPhase;
			buildActionMask = 2147483647;
			files = (
				944D8B1C278C5C0C00210EF4 /* QAPMSigkillViewController.m in Sources */,
				944D8B15278C5C0C00210EF4 /* APMYellowNextViewController.m in Sources */,
				6003F59E195388D20070C39A /* QAPMAppDelegate.m in Sources */,
				944D8B1D278C5C0C00210EF4 /* QAPMBigChunkMemoryViewController.m in Sources */,
				944D8B1F278C5C0C00210EF4 /* QAPMResourceMonitorViewController.m in Sources */,
				944D8B18278C5C0C00210EF4 /* APMBlueViewController.m in Sources */,
				944D8B1A278C5C0C00210EF4 /* APMMainListViewController.m in Sources */,
				869D00A42DF97AF200F7F5C4 /* RemoteServiceClientQAPMInterceptorFactory.swift in Sources */,
				869D00A52DF97AF200F7F5C4 /* orderSystem.proto in Sources */,
				869D00A62DF97AF200F7F5C4 /* QAPMInterceptorFactory.swift in Sources */,
				869D00A72DF97AF200F7F5C4 /* hello.proto in Sources */,
				869D00A82DF97AF200F7F5C4 /* QAPMMonitorClientInterceptor.swift in Sources */,
				869D00A92DF97AF200F7F5C4 /* hello.grpc.swift in Sources */,
				869D00AA2DF97AF200F7F5C4 /* OrderServiceClientQAPMInterceptorFactory.swift in Sources */,
				869D00AB2DF97AF200F7F5C4 /* hello.pb.swift in Sources */,
				869D00AC2DF97AF200F7F5C4 /* orderSystem.pb.swift in Sources */,
				869D00AD2DF97AF200F7F5C4 /* Client.swift in Sources */,
				869D00AE2DF97AF200F7F5C4 /* OrderServer.swift in Sources */,
				869D00AF2DF97AF200F7F5C4 /* Server.swift in Sources */,
				869D00B02DF97AF200F7F5C4 /* orderSystem.grpc.swift in Sources */,
				869D00B12DF97AF200F7F5C4 /* OrderServiceClient.swift in Sources */,
				6003F5A7195388D20070C39A /* QAPMViewController.m in Sources */,
				944D8B16278C5C0C00210EF4 /* QAPMWKWebViewViewController.m in Sources */,
				944D8B1E278C5C0C00210EF4 /* APMQQLeakViewController.m in Sources */,
				944D8B21278C5C0C00210EF4 /* Crasher.mm in Sources */,
				944D8B19278C5C0C00210EF4 /* APMYellowViewController.m in Sources */,
				944D8B1B278C5C0C00210EF4 /* QAPMHTTPViewController.m in Sources */,
				944D8B25278C5C0C00210EF4 /* NSObject+QAPMPerformSelector.m in Sources */,
				869D00BA2DF97D7300F7F5C4 /* GRPCViewController.swift in Sources */,
				944D8B23278C5C0C00210EF4 /* YYWeakProxy.m in Sources */,
				6003F59A195388D20070C39A /* main.m in Sources */,
				944D8B24278C5C0C00210EF4 /* UIButton+Utils.m in Sources */,
				944D8B17278C5C0C00210EF4 /* QAPMTimeStatictisViewController.m in Sources */,
				944D8B20278C5C0C00210EF4 /* QAPMCrashViewController.m in Sources */,
			);
			runOnlyForDeploymentPostprocessing = 0;
		};
		6003F5AA195388D20070C39A /* Sources */ = {
			isa = PBXSourcesBuildPhase;
			buildActionMask = 2147483647;
			files = (
				6003F5BC195388D20070C39A /* Tests.m in Sources */,
			);
			runOnlyForDeploymentPostprocessing = 0;
		};
/* End PBXSourcesBuildPhase section */

/* Begin PBXTargetDependency section */
		6003F5B4195388D20070C39A /* PBXTargetDependency */ = {
			isa = PBXTargetDependency;
			target = 6003F589195388D20070C39A /* QAPM_Example */;
			targetProxy = 6003F5B3195388D20070C39A /* PBXContainerItemProxy */;
		};
/* End PBXTargetDependency section */

/* Begin PBXVariantGroup section */
		6003F596195388D20070C39A /* InfoPlist.strings */ = {
			isa = PBXVariantGroup;
			children = (
				6003F597195388D20070C39A /* en */,
			);
			name = InfoPlist.strings;
			sourceTree = "<group>";
		};
		6003F5B8195388D20070C39A /* InfoPlist.strings */ = {
			isa = PBXVariantGroup;
			children = (
				6003F5B9195388D20070C39A /* en */,
			);
			name = InfoPlist.strings;
			sourceTree = "<group>";
		};
		71719F9D1E33DC2100824A3D /* LaunchScreen.storyboard */ = {
			isa = PBXVariantGroup;
			children = (
				71719F9E1E33DC2100824A3D /* Base */,
			);
			name = LaunchScreen.storyboard;
			sourceTree = "<group>";
		};
/* End PBXVariantGroup section */

/* Begin XCBuildConfiguration section */
		6003F5BD195388D20070C39A /* Debug */ = {
			isa = XCBuildConfiguration;
			buildSettings = {
				ALWAYS_SEARCH_USER_PATHS = NO;
				CLANG_CXX_LANGUAGE_STANDARD = "gnu++0x";
				CLANG_CXX_LIBRARY = "libc++";
				CLANG_ENABLE_MODULES = YES;
				CLANG_ENABLE_OBJC_ARC = YES;
				CLANG_WARN_BOOL_CONVERSION = YES;
				CLANG_WARN_CONSTANT_CONVERSION = YES;
				CLANG_WARN_DIRECT_OBJC_ISA_USAGE = YES_ERROR;
				CLANG_WARN_EMPTY_BODY = YES;
				CLANG_WARN_ENUM_CONVERSION = YES;
				CLANG_WARN_INT_CONVERSION = YES;
				CLANG_WARN_OBJC_ROOT_CLASS = YES_ERROR;
				CLANG_WARN__DUPLICATE_METHOD_MATCH = YES;
				"CODE_SIGN_IDENTITY[sdk=iphoneos*]" = "iPhone Developer";
				COPY_PHASE_STRIP = NO;
				ENABLE_TESTABILITY = YES;
				GCC_C_LANGUAGE_STANDARD = gnu99;
				GCC_DYNAMIC_NO_PIC = NO;
				GCC_OPTIMIZATION_LEVEL = 0;
				GCC_PREPROCESSOR_DEFINITIONS = (
					"DEBUG=1",
					"$(inherited)",
				);
				GCC_SYMBOLS_PRIVATE_EXTERN = NO;
				GCC_WARN_64_TO_32_BIT_CONVERSION = YES;
				GCC_WARN_ABOUT_RETURN_TYPE = YES_ERROR;
				GCC_WARN_UNDECLARED_SELECTOR = YES;
				GCC_WARN_UNINITIALIZED_AUTOS = YES_AGGRESSIVE;
				GCC_WARN_UNUSED_FUNCTION = YES;
				GCC_WARN_UNUSED_VARIABLE = YES;
				IPHONEOS_DEPLOYMENT_TARGET = 9.3;
				ONLY_ACTIVE_ARCH = YES;
				SDKROOT = iphoneos;
				TARGETED_DEVICE_FAMILY = "1,2";
			};
			name = Debug;
		};
		6003F5BE195388D20070C39A /* Release */ = {
			isa = XCBuildConfiguration;
			buildSettings = {
				ALWAYS_SEARCH_USER_PATHS = NO;
				CLANG_CXX_LANGUAGE_STANDARD = "gnu++0x";
				CLANG_CXX_LIBRARY = "libc++";
				CLANG_ENABLE_MODULES = YES;
				CLANG_ENABLE_OBJC_ARC = YES;
				CLANG_WARN_BOOL_CONVERSION = YES;
				CLANG_WARN_CONSTANT_CONVERSION = YES;
				CLANG_WARN_DIRECT_OBJC_ISA_USAGE = YES_ERROR;
				CLANG_WARN_EMPTY_BODY = YES;
				CLANG_WARN_ENUM_CONVERSION = YES;
				CLANG_WARN_INT_CONVERSION = YES;
				CLANG_WARN_OBJC_ROOT_CLASS = YES_ERROR;
				CLANG_WARN__DUPLICATE_METHOD_MATCH = YES;
				"CODE_SIGN_IDENTITY[sdk=iphoneos*]" = "iPhone Developer";
				COPY_PHASE_STRIP = YES;
				ENABLE_NS_ASSERTIONS = NO;
				GCC_C_LANGUAGE_STANDARD = gnu99;
				GCC_WARN_64_TO_32_BIT_CONVERSION = YES;
				GCC_WARN_ABOUT_RETURN_TYPE = YES_ERROR;
				GCC_WARN_UNDECLARED_SELECTOR = YES;
				GCC_WARN_UNINITIALIZED_AUTOS = YES_AGGRESSIVE;
				GCC_WARN_UNUSED_FUNCTION = YES;
				GCC_WARN_UNUSED_VARIABLE = YES;
				IPHONEOS_DEPLOYMENT_TARGET = 9.3;
				SDKROOT = iphoneos;
				TARGETED_DEVICE_FAMILY = "1,2";
				VALIDATE_PRODUCT = YES;
			};
			name = Release;
		};
		6003F5C0195388D20070C39A /* Debug */ = {
			isa = XCBuildConfiguration;
			baseConfigurationReference = E63CF8E6DD5A3CE0CAAAFFA5 /* Pods-QAPM_Example.debug.xcconfig */;
			buildSettings = {
				ASSETCATALOG_COMPILER_APPICON_NAME = AppIcon;
				CODE_SIGN_IDENTITY = "iPhone Developer";
				CODE_SIGN_STYLE = Manual;
				DEVELOPMENT_TEAM = FN2V63AD2J;
				"DEVELOPMENT_TEAM[sdk=iphoneos*]" = FN2V63AD2J;
				ENABLE_BITCODE = NO;
				GCC_PRECOMPILE_PREFIX_HEADER = YES;
				GCC_PREFIX_HEADER = "QAPM/QAPM-Prefix.pch";
				INFOPLIST_FILE = "QAPM/QAPM-Info.plist";
				IPHONEOS_DEPLOYMENT_TARGET = 15.6;
				MODULE_NAME = ExampleApp;
				PRODUCT_BUNDLE_IDENTIFIER = com.tencent.qapmsdk;
				PRODUCT_NAME = "$(TARGET_NAME)";
				PROVISIONING_PROFILE_SPECIFIER = com.tencent.qapmsdkdemo_Development_SignProvision;
				"PROVISIONING_PROFILE_SPECIFIER[sdk=iphoneos*]" = com.tencent.qapmsdk_Development_SignProvision;
				SWIFT_OBJC_BRIDGING_HEADER = "$(SRCROOT)/QAPM/QAPM-Bridging-Header.h";
				SWIFT_VERSION = 4.0;
				WRAPPER_EXTENSION = app;
			};
			name = Debug;
		};
		6003F5C1195388D20070C39A /* Release */ = {
			isa = XCBuildConfiguration;
			baseConfigurationReference = F6EA6656CFBCACD1D96FBC9F /* Pods-QAPM_Example.release.xcconfig */;
			buildSettings = {
				ASSETCATALOG_COMPILER_APPICON_NAME = AppIcon;
				CODE_SIGN_IDENTITY = "iPhone Developer";
				CODE_SIGN_STYLE = Manual;
				DEVELOPMENT_TEAM = FN2V63AD2J;
				"DEVELOPMENT_TEAM[sdk=iphoneos*]" = FN2V63AD2J;
				ENABLE_BITCODE = NO;
				GCC_PRECOMPILE_PREFIX_HEADER = YES;
				GCC_PREFIX_HEADER = "QAPM/QAPM-Prefix.pch";
				INFOPLIST_FILE = "QAPM/QAPM-Info.plist";
				IPHONEOS_DEPLOYMENT_TARGET = 15.6;
				MODULE_NAME = ExampleApp;
				PRODUCT_BUNDLE_IDENTIFIER = com.tencent.qapmsdk;
				PRODUCT_NAME = "$(TARGET_NAME)";
				PROVISIONING_PROFILE_SPECIFIER = com.tencent.qapmsdkdemo_Development_SignProvision;
				"PROVISIONING_PROFILE_SPECIFIER[sdk=iphoneos*]" = com.tencent.qapmsdk_Development_SignProvision;
				SWIFT_OBJC_BRIDGING_HEADER = "$(SRCROOT)/QAPM/QAPM-Bridging-Header.h";
				SWIFT_VERSION = 4.0;
				WRAPPER_EXTENSION = app;
			};
			name = Release;
		};
		6003F5C3195388D20070C39A /* Debug */ = {
			isa = XCBuildConfiguration;
			baseConfigurationReference = ACB873D028E29CEDA462BAC3 /* Pods-QAPM_Tests.debug.xcconfig */;
			buildSettings = {
				BUNDLE_LOADER = "$(TEST_HOST)";
				FRAMEWORK_SEARCH_PATHS = (
					"$(PLATFORM_DIR)/Developer/Library/Frameworks",
					"$(inherited)",
					"$(DEVELOPER_FRAMEWORKS_DIR)",
				);
				GCC_PRECOMPILE_PREFIX_HEADER = YES;
				GCC_PREFIX_HEADER = "Tests/Tests-Prefix.pch";
				GCC_PREPROCESSOR_DEFINITIONS = (
					"DEBUG=1",
					"$(inherited)",
				);
				INFOPLIST_FILE = "Tests/Tests-Info.plist";
				PRODUCT_BUNDLE_IDENTIFIER = "org.cocoapods.demo.${PRODUCT_NAME:rfc1034identifier}";
				PRODUCT_NAME = "$(TARGET_NAME)";
				SWIFT_VERSION = 4.0;
				TEST_HOST = "$(BUILT_PRODUCTS_DIR)/QAPM_Example.app/QAPM_Example";
				WRAPPER_EXTENSION = xctest;
			};
			name = Debug;
		};
		6003F5C4195388D20070C39A /* Release */ = {
			isa = XCBuildConfiguration;
			baseConfigurationReference = 043BF9557319C4A7ED6DC1F7 /* Pods-QAPM_Tests.release.xcconfig */;
			buildSettings = {
				BUNDLE_LOADER = "$(TEST_HOST)";
				FRAMEWORK_SEARCH_PATHS = (
					"$(PLATFORM_DIR)/Developer/Library/Frameworks",
					"$(inherited)",
					"$(DEVELOPER_FRAMEWORKS_DIR)",
				);
				GCC_PRECOMPILE_PREFIX_HEADER = YES;
				GCC_PREFIX_HEADER = "Tests/Tests-Prefix.pch";
				INFOPLIST_FILE = "Tests/Tests-Info.plist";
				PRODUCT_BUNDLE_IDENTIFIER = "org.cocoapods.demo.${PRODUCT_NAME:rfc1034identifier}";
				PRODUCT_NAME = "$(TARGET_NAME)";
				SWIFT_VERSION = 4.0;
				TEST_HOST = "$(BUILT_PRODUCTS_DIR)/QAPM_Example.app/QAPM_Example";
				WRAPPER_EXTENSION = xctest;
			};
			name = Release;
		};
/* End XCBuildConfiguration section */

/* Begin XCConfigurationList section */
		6003F585195388D10070C39A /* Build configuration list for PBXProject "QAPM" */ = {
			isa = XCConfigurationList;
			buildConfigurations = (
				6003F5BD195388D20070C39A /* Debug */,
				6003F5BE195388D20070C39A /* Release */,
			);
			defaultConfigurationIsVisible = 0;
			defaultConfigurationName = Release;
		};
		6003F5BF195388D20070C39A /* Build configuration list for PBXNativeTarget "QAPM_Example" */ = {
			isa = XCConfigurationList;
			buildConfigurations = (
				6003F5C0195388D20070C39A /* Debug */,
				6003F5C1195388D20070C39A /* Release */,
			);
			defaultConfigurationIsVisible = 0;
			defaultConfigurationName = Release;
		};
		6003F5C2195388D20070C39A /* Build configuration list for PBXNativeTarget "QAPM_Tests" */ = {
			isa = XCConfigurationList;
			buildConfigurations = (
				6003F5C3195388D20070C39A /* Debug */,
				6003F5C4195388D20070C39A /* Release */,
			);
			defaultConfigurationIsVisible = 0;
			defaultConfigurationName = Release;
		};
/* End XCConfigurationList section */
	};
	rootObject = 6003F582195388D10070C39A /* Project object */;
}
